
Microsoft Visual Studio Solution File, Format Version 12.00
# Visual Studio Version 16
VisualStudioVersion = 16.0.30002.166
MinimumVisualStudioVersion = 10.0.40219.1
Project("{9A19103F-16F7-4668-BE54-9A1E7A4F7556}") = "TelegramBotIBWT", "TelegramBotIBWT.csproj", "{71CCB060-2EA4-4945-ACEE-84AA0E9A8650}"
EndProject
Global
	GlobalSection(SolutionConfigurationPlatforms) = preSolution
		Debug|Any CPU = Debug|Any CPU
		Release|Any CPU = Release|Any CPU
	EndGlobalSection
	GlobalSection(ProjectConfigurationPlatforms) = postSolution
		{71CCB060-2EA4-4945-ACEE-84AA0E9A8650}.Debug|Any CPU.ActiveCfg = Debug|Any CPU
		{71CCB060-2EA4-4945-ACEE-84AA0E9A8650}.Debug|Any CPU.Build.0 = Debug|Any CPU
		{71CCB060-2EA4-4945-ACEE-84AA0E9A8650}.Release|Any CPU.ActiveCfg = Release|Any CPU
		{71CCB060-2EA4-4945-ACEE-84AA0E9A8650}.Release|Any CPU.Build.0 = Release|Any CPU
	EndGlobalSection
	GlobalSection(SolutionProperties) = preSolution
		HideSolutionNode = FALSE
	EndGlobalSection
	GlobalSection(ExtensibilityGlobals) = postSolution
		SolutionGuid = {96D7D3A1-C00E-46CD-9515-5672EEFF6274}
	EndGlobalSection
EndGlobal
